// !$*UTF8*$!
{
	archiveVersion = 1;
	classes = {
	};
	objectVersion = 56;
	objects = {

/* Begin PBXBuildFile section */
		B9757B702AE8E94A007D5FC6 /* database.c in Sources */ = {isa = PBXBuildFile; fileRef = B9757B6F2AE8E94A007D5FC6 /* database.c */; };
		B9757BA62AE93F88007D5FC6 /* utility.h in Sources */ = {isa = PBXBuildFile; fileRef = B9757B742AE9133D007D5FC6 /* utility.h */; };
		B9757BA72AE93F8B007D5FC6 /* database.h in Sources */ = {isa = PBXBuildFile; fileRef = B9757B6E2AE8E94A007D5FC6 /* database.h */; };
		B9BBE6262AECC0E300115D3E /* j_node.c in Sources */ = {isa = PBXBuildFile; fileRef = B9BBE6252AECC0E300115D3E /* j_node.c */; };
		B9C4EAE82AE74BA800B51913 /* main.c in Sources */ = {isa = PBXBuildFile; fileRef = B9C4EAE72AE74BA800B51913 /* main.c */; };
/* End PBXBuildFile section */

/* Begin PBXCopyFilesBuildPhase section */
		B9C4EAE22AE74BA800B51913 /* CopyFiles */ = {
			isa = PBXCopyFilesBuildPhase;
			buildActionMask = 2147483647;
			dstPath = /usr/share/man/man1/;
			dstSubfolderSpec = 0;
			files = (
			);
			runOnlyForDeploymentPostprocessing = 1;
		};
/* End PBXCopyFilesBuildPhase section */

/* Begin PBXFileReference section */
		B9757B6E2AE8E94A007D5FC6 /* database.h */ = {isa = PBXFileReference; lastKnownFileType = sourcecode.c.h; path = database.h; sourceTree = "<group>"; };
		B9757B6F2AE8E94A007D5FC6 /* database.c */ = {isa = PBXFileReference; lastKnownFileType = sourcecode.c.c; path = database.c; sourceTree = "<group>"; };
		B9757B742AE9133D007D5FC6 /* utility.h */ = {isa = PBXFileReference; lastKnownFileType = sourcecode.c.h; path = utility.h; sourceTree = "<group>"; };
		B9BBE6242AECC0E300115D3E /* j_node.h */ = {isa = PBXFileReference; lastKnownFileType = sourcecode.c.h; path = j_node.h; sourceTree = "<group>"; };
		B9BBE6252AECC0E300115D3E /* j_node.c */ = {isa = PBXFileReference; lastKnownFileType = sourcecode.c.c; path = j_node.c; sourceTree = "<group>"; };
		B9BBE6272AED0FEE00115D3E /* table.txt */ = {isa = PBXFileReference; fileEncoding = 4; lastKnownFileType = text; path = table.txt; sourceTree = "<group>"; };
		B9BBE62B2AED7C3D00115D3E /* test2.txt */ = {isa = PBXFileReference; fileEncoding = 4; lastKnownFileType = text; path = test2.txt; sourceTree = "<group>"; };
		B9C4EAE42AE74BA800B51913 /* EzDB */ = {isa = PBXFileReference; explicitFileType = "compiled.mach-o.executable"; includeInIndex = 0; path = EzDB; sourceTree = BUILT_PRODUCTS_DIR; };
		B9C4EAE72AE74BA800B51913 /* main.c */ = {isa = PBXFileReference; lastKnownFileType = sourcecode.c.c; path = main.c; sourceTree = "<group>"; };
/* End PBXFileReference section */

/* Begin PBXFrameworksBuildPhase section */
		B9C4EAE12AE74BA800B51913 /* Frameworks */ = {
			isa = PBXFrameworksBuildPhase;
			buildActionMask = 2147483647;
			files = (
			);
			runOnlyForDeploymentPostprocessing = 0;
		};
/* End PBXFrameworksBuildPhase section */

/* Begin PBXGroup section */
		B9C4EADB2AE74BA800B51913 = {
			isa = PBXGroup;
			children = (
				B9C4EAE62AE74BA800B51913 /* EzDB */,
				B9C4EAE52AE74BA800B51913 /* Products */,
			);
			sourceTree = "<group>";
		};
		B9C4EAE52AE74BA800B51913 /* Products */ = {
			isa = PBXGroup;
			children = (
				B9C4EAE42AE74BA800B51913 /* EzDB */,
			);
			name = Products;
			sourceTree = "<group>";
		};
		B9C4EAE62AE74BA800B51913 /* EzDB */ = {
			isa = PBXGroup;
			children = (
				B9BBE62B2AED7C3D00115D3E /* test2.txt */,
				B9BBE6272AED0FEE00115D3E /* table.txt */,
				B9757B742AE9133D007D5FC6 /* utility.h */,
				B9C4EAE72AE74BA800B51913 /* main.c */,
				B9757B6E2AE8E94A007D5FC6 /* database.h */,
				B9757B6F2AE8E94A007D5FC6 /* database.c */,
				B9BBE6242AECC0E300115D3E /* j_node.h */,
				B9BBE6252AECC0E300115D3E /* j_node.c */,
			);
			path = EzDB;
			sourceTree = "<group>";
		};
/* End PBXGroup section */

/* Begin PBXNativeTarget section */
		B9C4EAE32AE74BA800B51913 /* EzDB */ = {
			isa = PBXNativeTarget;
			buildConfigurationList = B9C4EAEB2AE74BA800B51913 /* Build configuration list for PBXNativeTarget "EzDB" */;
			buildPhases = (
				B9C4EAE02AE74BA800B51913 /* Sources */,
				B9C4EAE12AE74BA800B51913 /* Frameworks */,
				B9C4EAE22AE74BA800B51913 /* CopyFiles */,
			);
			buildRules = (
			);
			dependencies = (
			);
			name = EzDB;
			productName = EzDB;
			productReference = B9C4EAE42AE74BA800B51913 /* EzDB */;
			productType = "com.apple.product-type.tool";
		};
/* End PBXNativeTarget section */

/* Begin PBXProject section */
		B9C4EADC2AE74BA800B51913 /* Project object */ = {
			isa = PBXProject;
			attributes = {
				BuildIndependentTargetsInParallel = 1;
				LastUpgradeCheck = 1500;
				TargetAttributes = {
					B9C4EAE32AE74BA800B51913 = {
						CreatedOnToolsVersion = 15.0.1;
					};
				};
			};
			buildConfigurationList = B9C4EADF2AE74BA800B51913 /* Build configuration list for PBXProject "EzDB" */;
			compatibilityVersion = "Xcode 14.0";
			developmentRegion = en;
			hasScannedForEncodings = 0;
			knownRegions = (
				en,
				Base,
			);
			mainGroup = B9C4EADB2AE74BA800B51913;
			productRefGroup = B9C4EAE52AE74BA800B51913 /* Products */;
			projectDirPath = "";
			projectRoot = "";
			targets = (
				B9C4EAE32AE74BA800B51913 /* EzDB */,
			);
		};
/* End PBXProject section */

/* Begin PBXSourcesBuildPhase section */
		B9C4EAE02AE74BA800B51913 /* Sources */ = {
			isa = PBXSourcesBuildPhase;
			buildActionMask = 2147483647;
			files = (
				B9757BA72AE93F8B007D5FC6 /* database.h in Sources */,
				B9757BA62AE93F88007D5FC6 /* utility.h in Sources */,
				B9757B702AE8E94A007D5FC6 /* database.c in Sources */,
				B9BBE6262AECC0E300115D3E /* j_node.c in Sources */,
				B9C4EAE82AE74BA800B51913 /* main.c in Sources */,
			);
			runOnlyForDeploymentPostprocessing = 0;
		};
/* End PBXSourcesBuildPhase section */

/* Begin XCBuildConfiguration section */
		B9C4EAE92AE74BA800B51913 /* Debug */ = {
			isa = XCBuildConfiguration;
			buildSettings = {
				ALWAYS_SEARCH_USER_PATHS = NO;
				ASSETCATALOG_COMPILER_GENERATE_SWIFT_ASSET_SYMBOL_EXTENSIONS = YES;
				CLANG_ANALYZER_NONNULL = YES;
				CLANG_ANALYZER_NUMBER_OBJECT_CONVERSION = YES_AGGRESSIVE;
				CLANG_CXX_LANGUAGE_STANDARD = "gnu++20";
				CLANG_ENABLE_MODULES = YES;
				CLANG_ENABLE_OBJC_ARC = YES;
				CLANG_ENABLE_OBJC_WEAK = YES;
				CLANG_WARN_BLOCK_CAPTURE_AUTORELEASING = YES;
				CLANG_WARN_BOOL_CONVERSION = YES;
				CLANG_WARN_COMMA = YES;
				CLANG_WARN_CONSTANT_CONVERSION = YES;
				CLANG_WARN_DEPRECATED_OBJC_IMPLEMENTATIONS = YES;
				CLANG_WARN_DIRECT_OBJC_ISA_USAGE = YES_ERROR;
				CLANG_WARN_DOCUMENTATION_COMMENTS = YES;
				CLANG_WARN_EMPTY_BODY = YES;
				CLANG_WARN_ENUM_CONVERSION = YES;
				CLANG_WARN_INFINITE_RECURSION = YES;
				CLANG_WARN_INT_CONVERSION = YES;
				CLANG_WARN_NON_LITERAL_NULL_CONVERSION = YES;
				CLANG_WARN_OBJC_IMPLICIT_RETAIN_SELF = YES;
				CLANG_WARN_OBJC_LITERAL_CONVERSION = YES;
				CLANG_WARN_OBJC_ROOT_CLASS = YES_ERROR;
				CLANG_WARN_QUOTED_INCLUDE_IN_FRAMEWORK_HEADER = YES;
				CLANG_WARN_RANGE_LOOP_ANALYSIS = YES;
				CLANG_WARN_STRICT_PROTOTYPES = YES;
				CLANG_WARN_SUSPICIOUS_MOVE = YES;
				CLANG_WARN_UNGUARDED_AVAILABILITY = YES_AGGRESSIVE;
				CLANG_WARN_UNREACHABLE_CODE = YES;
				CLANG_WARN__DUPLICATE_METHOD_MATCH = YES;
				COPY_PHASE_STRIP = NO;
				DEBUG_INFORMATION_FORMAT = dwarf;
				ENABLE_STRICT_OBJC_MSGSEND = YES;
				ENABLE_TESTABILITY = YES;
				ENABLE_USER_SCRIPT_SANDBOXING = YES;
				GCC_C_LANGUAGE_STANDARD = gnu17;
				GCC_DYNAMIC_NO_PIC = NO;
				GCC_NO_COMMON_BLOCKS = YES;
				GCC_OPTIMIZATION_LEVEL = 0;
				GCC_PREPROCESSOR_DEFINITIONS = (
					"DEBUG=1",
					"$(inherited)",
				);
				GCC_WARN_64_TO_32_BIT_CONVERSION = YES;
				GCC_WARN_ABOUT_RETURN_TYPE = YES_ERROR;
				GCC_WARN_UNDECLARED_SELECTOR = YES;
				GCC_WARN_UNINITIALIZED_AUTOS = YES_AGGRESSIVE;
				GCC_WARN_UNUSED_FUNCTION = YES;
				GCC_WARN_UNUSED_VARIABLE = YES;
				LOCALIZATION_PREFERS_STRING_CATALOGS = YES;
				MACOSX_DEPLOYMENT_TARGET = 14.0;
				MTL_ENABLE_DEBUG_INFO = INCLUDE_SOURCE;
				MTL_FAST_MATH = YES;
				ONLY_ACTIVE_ARCH = YES;
				OTHER_LDFLAGS = "-lc";
				SDKROOT = macosx;
			};
			name = Debug;
		};
		B9C4EAEA2AE74BA800B51913 /* Release */ = {
			isa = XCBuildConfiguration;
			buildSettings = {
				ALWAYS_SEARCH_USER_PATHS = NO;
				ASSETCATALOG_COMPILER_GENERATE_SWIFT_ASSET_SYMBOL_EXTENSIONS = YES;
				CLANG_ANALYZER_NONNULL = YES;
				CLANG_ANALYZER_NUMBER_OBJECT_CONVERSION = YES_AGGRESSIVE;
				CLANG_CXX_LANGUAGE_STANDARD = "gnu++20";
				CLANG_ENABLE_MODULES = YES;
				CLANG_ENABLE_OBJC_ARC = YES;
				CLANG_ENABLE_OBJC_WEAK = YES;
				CLANG_WARN_BLOCK_CAPTURE_AUTORELEASING = YES;
				CLANG_WARN_BOOL_CONVERSION = YES;
				CLANG_WARN_COMMA = YES;
				CLANG_WARN_CONSTANT_CONVERSION = YES;
				CLANG_WARN_DEPRECATED_OBJC_IMPLEMENTATIONS = YES;
				CLANG_WARN_DIRECT_OBJC_ISA_USAGE = YES_ERROR;
				CLANG_WARN_DOCUMENTATION_COMMENTS = YES;
				CLANG_WARN_EMPTY_BODY = YES;
				CLANG_WARN_ENUM_CONVERSION = YES;
				CLANG_WARN_INFINITE_RECURSION = YES;
				CLANG_WARN_INT_CONVERSION = YES;
				CLANG_WARN_NON_LITERAL_NULL_CONVERSION = YES;
				CLANG_WARN_OBJC_IMPLICIT_RETAIN_SELF = YES;
				CLANG_WARN_OBJC_LITERAL_CONVERSION = YES;
				CLANG_WARN_OBJC_ROOT_CLASS = YES_ERROR;
				CLANG_WARN_QUOTED_INCLUDE_IN_FRAMEWORK_HEADER = YES;
				CLANG_WARN_RANGE_LOOP_ANALYSIS = YES;
				CLANG_WARN_STRICT_PROTOTYPES = YES;
				CLANG_WARN_SUSPICIOUS_MOVE = YES;
				CLANG_WARN_UNGUARDED_AVAILABILITY = YES_AGGRESSIVE;
				CLANG_WARN_UNREACHABLE_CODE = YES;
				CLANG_WARN__DUPLICATE_METHOD_MATCH = YES;
				COPY_PHASE_STRIP = NO;
				DEBUG_INFORMATION_FORMAT = "dwarf-with-dsym";
				ENABLE_NS_ASSERTIONS = NO;
				ENABLE_STRICT_OBJC_MSGSEND = YES;
				ENABLE_USER_SCRIPT_SANDBOXING = YES;
				GCC_C_LANGUAGE_STANDARD = gnu17;
				GCC_NO_COMMON_BLOCKS = YES;
				GCC_WARN_64_TO_32_BIT_CONVERSION = YES;
				GCC_WARN_ABOUT_RETURN_TYPE = YES_ERROR;
				GCC_WARN_UNDECLARED_SELECTOR = YES;
				GCC_WARN_UNINITIALIZED_AUTOS = YES_AGGRESSIVE;
				GCC_WARN_UNUSED_FUNCTION = YES;
				GCC_WARN_UNUSED_VARIABLE = YES;
				LOCALIZATION_PREFERS_STRING_CATALOGS = YES;
				MACOSX_DEPLOYMENT_TARGET = 14.0;
				MTL_ENABLE_DEBUG_INFO = NO;
				MTL_FAST_MATH = YES;
				OTHER_LDFLAGS = "-lc";
				SDKROOT = macosx;
			};
			name = Release;
		};
		B9C4EAEC2AE74BA800B51913 /* Debug */ = {
			isa = XCBuildConfiguration;
			buildSettings = {
				CODE_SIGN_STYLE = Automatic;
				ONLY_ACTIVE_ARCH = YES;
				PRODUCT_NAME = "$(TARGET_NAME)";
			};
			name = Debug;
		};
		B9C4EAED2AE74BA800B51913 /* Release */ = {
			isa = XCBuildConfiguration;
			buildSettings = {
				CODE_SIGN_STYLE = Automatic;
				ONLY_ACTIVE_ARCH = YES;
				PRODUCT_NAME = "$(TARGET_NAME)";
			};
			name = Release;
		};
/* End XCBuildConfiguration section */

/* Begin XCConfigurationList section */
		B9C4EADF2AE74BA800B51913 /* Build configuration list for PBXProject "EzDB" */ = {
			isa = XCConfigurationList;
			buildConfigurations = (
				B9C4EAE92AE74BA800B51913 /* Debug */,
				B9C4EAEA2AE74BA800B51913 /* Release */,
			);
			defaultConfigurationIsVisible = 0;
			defaultConfigurationName = Release;
		};
		B9C4EAEB2AE74BA800B51913 /* Build configuration list for PBXNativeTarget "EzDB" */ = {
			isa = XCConfigurationList;
			buildConfigurations = (
				B9C4EAEC2AE74BA800B51913 /* Debug */,
				B9C4EAED2AE74BA800B51913 /* Release */,
			);
			defaultConfigurationIsVisible = 0;
			defaultConfigurationName = Release;
		};
/* End XCConfigurationList section */
	};
	rootObject = B9C4EADC2AE74BA800B51913 /* Project object */;
}
